
Microsoft Visual Studio Solution File, Format Version 12.00
# Visual Studio Version 17
VisualStudioVersion = 17.0.31903.59
MinimumVisualStudioVersion = 10.0.40219.1
Project("{FAE04EC0-301F-11D3-BF4B-00C04F79EFBC}") = "Employee_Management", "Employee_Management\Employee_Management.csproj", "{CFCE6DD8-C12F-44D2-A6B9-B5CA39344956}"
EndProject
Project("{FAE04EC0-301F-11D3-BF4B-00C04F79EFBC}") = "Data", "Data\Data.csproj", "{AF732F97-800B-41C7-B247-25186039EF9B}"
EndProject
Global
	GlobalSection(SolutionConfigurationPlatforms) = preSolution
		Debug|Any CPU = Debug|Any CPU
		Release|Any CPU = Release|Any CPU
	EndGlobalSection
	GlobalSection(ProjectConfigurationPlatforms) = postSolution
		{CFCE6DD8-C12F-44D2-A6B9-B5CA39344956}.Debug|Any CPU.ActiveCfg = Debug|Any CPU
		{CFCE6DD8-C12F-44D2-A6B9-B5CA39344956}.Debug|Any CPU.Build.0 = Debug|Any CPU
		{CFCE6DD8-C12F-44D2-A6B9-B5CA39344956}.Release|Any CPU.ActiveCfg = Release|Any CPU
		{CFCE6DD8-C12F-44D2-A6B9-B5CA39344956}.Release|Any CPU.Build.0 = Release|Any CPU
		{AF732F97-800B-41C7-B247-25186039EF9B}.Debug|Any CPU.ActiveCfg = Debug|Any CPU
		{AF732F97-800B-41C7-B247-25186039EF9B}.Debug|Any CPU.Build.0 = Debug|Any CPU
		{AF732F97-800B-41C7-B247-25186039EF9B}.Release|Any CPU.ActiveCfg = Release|Any CPU
		{AF732F97-800B-41C7-B247-25186039EF9B}.Release|Any CPU.Build.0 = Release|Any CPU
	EndGlobalSection
	GlobalSection(SolutionProperties) = preSolution
		HideSolutionNode = FALSE
	EndGlobalSection
	GlobalSection(ExtensibilityGlobals) = postSolution
		SolutionGuid = {D6775F69-8BD7-4966-AF23-CBD9FE0233B1}
	EndGlobalSection
EndGlobal
